// !$*UTF8*$!
{
	archiveVersion = 1;
	classes = {
	};
	objectVersion = 46;
	objects = {

/* Begin PBXBuildFile section */
		5F2F94E11E8E92430073D3A2 /* Goal_add.storyboard in Resources */ = {isa = PBXBuildFile; fileRef = 5F2F94E01E8E92430073D3A2 /* Goal_add.storyboard */; };
		5F2F94E31E8E92900073D3A2 /* GoalAddViewController.swift in Sources */ = {isa = PBXBuildFile; fileRef = 5F2F94E21E8E92900073D3A2 /* GoalAddViewController.swift */; };
		5F2F951F1E920D330073D3A2 /* ColorButtonStyle.swift in Sources */ = {isa = PBXBuildFile; fileRef = 5F2F951E1E920D330073D3A2 /* ColorButtonStyle.swift */; };
		5F2F95211E9368AF0073D3A2 /* DailyTask_add.storyboard in Resources */ = {isa = PBXBuildFile; fileRef = 5F2F95201E9368AF0073D3A2 /* DailyTask_add.storyboard */; };
		5F2F95231E936DFF0073D3A2 /* DailyTaskAddViewController.swift in Sources */ = {isa = PBXBuildFile; fileRef = 5F2F95221E936DFF0073D3A2 /* DailyTaskAddViewController.swift */; };
		5FD24C6F1E93BC4C0087E812 /* StopPasteAction.swift in Sources */ = {isa = PBXBuildFile; fileRef = 5FD24C6E1E93BC4C0087E812 /* StopPasteAction.swift */; };
		A72054BF1E92142600008F13 /* DB.swift in Sources */ = {isa = PBXBuildFile; fileRef = A72054BE1E92142600008F13 /* DB.swift */; };
		A7504E551E8CF6840031ABC9 /* AppDelegate.swift in Sources */ = {isa = PBXBuildFile; fileRef = A7504E541E8CF6840031ABC9 /* AppDelegate.swift */; };
		A7504E571E8CF6840031ABC9 /* LoginViewController.swift in Sources */ = {isa = PBXBuildFile; fileRef = A7504E561E8CF6840031ABC9 /* LoginViewController.swift */; };
		A7504E5A1E8CF6840031ABC9 /* LunchScreen.storyboard in Resources */ = {isa = PBXBuildFile; fileRef = A7504E581E8CF6840031ABC9 /* LunchScreen.storyboard */; };
		A7504E5C1E8CF6840031ABC9 /* Assets.xcassets in Resources */ = {isa = PBXBuildFile; fileRef = A7504E5B1E8CF6840031ABC9 /* Assets.xcassets */; };
		A7504E5F1E8CF6840031ABC9 /* (null) in Resources */ = {isa = PBXBuildFile; };
		A7504E671E8D0BF90031ABC9 /* SignUpViewController.swift in Sources */ = {isa = PBXBuildFile; fileRef = A7504E661E8D0BF90031ABC9 /* SignUpViewController.swift */; };
		A7504E691E8D20190031ABC9 /* TextFieldStyle.swift in Sources */ = {isa = PBXBuildFile; fileRef = A7504E681E8D20190031ABC9 /* TextFieldStyle.swift */; };
		A7504EC91E916DB40031ABC9 /* CustomTabBarController.swift in Sources */ = {isa = PBXBuildFile; fileRef = A7504EC81E916DB40031ABC9 /* CustomTabBarController.swift */; };
		A7504ECB1E91D7190031ABC9 /* DailyTaskTableView.storyboard in Resources */ = {isa = PBXBuildFile; fileRef = A7504ECA1E91D7190031ABC9 /* DailyTaskTableView.storyboard */; };
		A7504ECF1E91D7DB0031ABC9 /* Login.storyboard in Resources */ = {isa = PBXBuildFile; fileRef = A7504ECE1E91D7DB0031ABC9 /* Login.storyboard */; };
		B77980111E8CFB5C00C4684D /* Goal_collection.storyboard in Resources */ = {isa = PBXBuildFile; fileRef = B77980101E8CFB5C00C4684D /* Goal_collection.storyboard */; };
		B77980161E8D05DC00C4684D /* GoalCollectionViewController.swift in Sources */ = {isa = PBXBuildFile; fileRef = B77980151E8D05DC00C4684D /* GoalCollectionViewController.swift */; };
		B779805C1E8E911000C4684D /* GoalCollectionViewCell.swift in Sources */ = {isa = PBXBuildFile; fileRef = B779805B1E8E911000C4684D /* GoalCollectionViewCell.swift */; };
		B7B1F9FE1E91E9E200CD8CCC /* Task_table.storyboard in Resources */ = {isa = PBXBuildFile; fileRef = B7B1F9FD1E91E9E200CD8CCC /* Task_table.storyboard */; };
		B7B1FA0E1E91F9D300CD8CCC /* DailyTaskTableViewCell.swift in Sources */ = {isa = PBXBuildFile; fileRef = B7B1FA0D1E91F9D300CD8CCC /* DailyTaskTableViewCell.swift */; };
		B7B1FA121E91FAA200CD8CCC /* DailyTaskViewController.swift in Sources */ = {isa = PBXBuildFile; fileRef = B7B1FA111E91FAA200CD8CCC /* DailyTaskViewController.swift */; };
/* End PBXBuildFile section */

/* Begin PBXFileReference section */
		5F2F94E01E8E92430073D3A2 /* Goal_add.storyboard */ = {isa = PBXFileReference; fileEncoding = 4; lastKnownFileType = file.storyboard; path = Goal_add.storyboard; sourceTree = "<group>"; };
		5F2F94E21E8E92900073D3A2 /* GoalAddViewController.swift */ = {isa = PBXFileReference; fileEncoding = 4; lastKnownFileType = sourcecode.swift; path = GoalAddViewController.swift; sourceTree = "<group>"; };
		5F2F951E1E920D330073D3A2 /* ColorButtonStyle.swift */ = {isa = PBXFileReference; fileEncoding = 4; lastKnownFileType = sourcecode.swift; path = ColorButtonStyle.swift; sourceTree = "<group>"; };
		5F2F95201E9368AF0073D3A2 /* DailyTask_add.storyboard */ = {isa = PBXFileReference; fileEncoding = 4; lastKnownFileType = file.storyboard; path = DailyTask_add.storyboard; sourceTree = "<group>"; };
		5F2F95221E936DFF0073D3A2 /* DailyTaskAddViewController.swift */ = {isa = PBXFileReference; fileEncoding = 4; lastKnownFileType = sourcecode.swift; path = DailyTaskAddViewController.swift; sourceTree = "<group>"; };
		5FD24C6E1E93BC4C0087E812 /* StopPasteAction.swift */ = {isa = PBXFileReference; fileEncoding = 4; lastKnownFileType = sourcecode.swift; path = StopPasteAction.swift; sourceTree = "<group>"; };
		A72054BE1E92142600008F13 /* DB.swift */ = {isa = PBXFileReference; fileEncoding = 4; lastKnownFileType = sourcecode.swift; path = DB.swift; sourceTree = "<group>"; };
		A7504E511E8CF6840031ABC9 /* Maily.app */ = {isa = PBXFileReference; explicitFileType = wrapper.application; includeInIndex = 0; path = Maily.app; sourceTree = BUILT_PRODUCTS_DIR; };
		A7504E541E8CF6840031ABC9 /* AppDelegate.swift */ = {isa = PBXFileReference; lastKnownFileType = sourcecode.swift; path = AppDelegate.swift; sourceTree = "<group>"; };
		A7504E561E8CF6840031ABC9 /* LoginViewController.swift */ = {isa = PBXFileReference; lastKnownFileType = sourcecode.swift; path = LoginViewController.swift; sourceTree = "<group>"; };
		A7504E5B1E8CF6840031ABC9 /* Assets.xcassets */ = {isa = PBXFileReference; lastKnownFileType = folder.assetcatalog; path = Assets.xcassets; sourceTree = "<group>"; };
		A7504E5E1E8CF6840031ABC9 /* Base */ = {isa = PBXFileReference; lastKnownFileType = file.storyboard; name = Base; path = Base.lproj/LunchScreen.storyboard; sourceTree = "<group>"; };
		A7504E601E8CF6840031ABC9 /* Info.plist */ = {isa = PBXFileReference; lastKnownFileType = text.plist.xml; path = Info.plist; sourceTree = "<group>"; };
		A7504E661E8D0BF90031ABC9 /* SignUpViewController.swift */ = {isa = PBXFileReference; fileEncoding = 4; lastKnownFileType = sourcecode.swift; path = SignUpViewController.swift; sourceTree = "<group>"; };
		A7504E681E8D20190031ABC9 /* TextFieldStyle.swift */ = {isa = PBXFileReference; fileEncoding = 4; lastKnownFileType = sourcecode.swift; path = TextFieldStyle.swift; sourceTree = "<group>"; };
		A7504EC81E916DB40031ABC9 /* CustomTabBarController.swift */ = {isa = PBXFileReference; fileEncoding = 4; lastKnownFileType = sourcecode.swift; path = CustomTabBarController.swift; sourceTree = "<group>"; };
		A7504ECA1E91D7190031ABC9 /* DailyTaskTableView.storyboard */ = {isa = PBXFileReference; fileEncoding = 4; lastKnownFileType = file.storyboard; path = DailyTaskTableView.storyboard; sourceTree = "<group>"; };
		A7504ECE1E91D7DB0031ABC9 /* Login.storyboard */ = {isa = PBXFileReference; fileEncoding = 4; lastKnownFileType = file.storyboard; path = Login.storyboard; sourceTree = "<group>"; };
		B77980101E8CFB5C00C4684D /* Goal_collection.storyboard */ = {isa = PBXFileReference; fileEncoding = 4; lastKnownFileType = file.storyboard; path = Goal_collection.storyboard; sourceTree = "<group>"; };
		B77980151E8D05DC00C4684D /* GoalCollectionViewController.swift */ = {isa = PBXFileReference; fileEncoding = 4; lastKnownFileType = sourcecode.swift; path = GoalCollectionViewController.swift; sourceTree = "<group>"; };
		B779805B1E8E911000C4684D /* GoalCollectionViewCell.swift */ = {isa = PBXFileReference; fileEncoding = 4; lastKnownFileType = sourcecode.swift; path = GoalCollectionViewCell.swift; sourceTree = "<group>"; };
		B7B1F9FD1E91E9E200CD8CCC /* Task_table.storyboard */ = {isa = PBXFileReference; fileEncoding = 4; lastKnownFileType = file.storyboard; path = Task_table.storyboard; sourceTree = "<group>"; };
		B7B1FA0D1E91F9D300CD8CCC /* DailyTaskTableViewCell.swift */ = {isa = PBXFileReference; fileEncoding = 4; lastKnownFileType = sourcecode.swift; path = DailyTaskTableViewCell.swift; sourceTree = "<group>"; };
		B7B1FA111E91FAA200CD8CCC /* DailyTaskViewController.swift */ = {isa = PBXFileReference; fileEncoding = 4; lastKnownFileType = sourcecode.swift; path = DailyTaskViewController.swift; sourceTree = "<group>"; };
/* End PBXFileReference section */

/* Begin PBXFrameworksBuildPhase section */
		A7504E4E1E8CF6840031ABC9 /* Frameworks */ = {
			isa = PBXFrameworksBuildPhase;
			buildActionMask = 2147483647;
			files = (
			);
			runOnlyForDeploymentPostprocessing = 0;
		};
/* End PBXFrameworksBuildPhase section */

/* Begin PBXGroup section */
		A7504E481E8CF6840031ABC9 = {
			isa = PBXGroup;
			children = (
				A7504E531E8CF6840031ABC9 /* Maily */,
				A7504E521E8CF6840031ABC9 /* Products */,
			);
			sourceTree = "<group>";
		};
		A7504E521E8CF6840031ABC9 /* Products */ = {
			isa = PBXGroup;
			children = (
				A7504E511E8CF6840031ABC9 /* Maily.app */,
			);
			name = Products;
			sourceTree = "<group>";
		};
		A7504E531E8CF6840031ABC9 /* Maily */ = {
			isa = PBXGroup;
			children = (
				A7504E541E8CF6840031ABC9 /* AppDelegate.swift */,
				A72054BE1E92142600008F13 /* DB.swift */,
				A7504E681E8D20190031ABC9 /* TextFieldStyle.swift */,
				5FD24C6E1E93BC4C0087E812 /* StopPasteAction.swift */,
				5F2F951E1E920D330073D3A2 /* ColorButtonStyle.swift */,
				A7504E581E8CF6840031ABC9 /* LunchScreen.storyboard */,
				B7B1FA081E91F8A400CD8CCC /* Login */,
				B7B1FA091E91F8BB00CD8CCC /* Goal */,
				B7B1FA0A1E91F8C700CD8CCC /* Daily_Task */,
				A7504E5B1E8CF6840031ABC9 /* Assets.xcassets */,
				A7504E601E8CF6840031ABC9 /* Info.plist */,
			);
			path = Maily;
			sourceTree = "<group>";
		};
		B7B1FA081E91F8A400CD8CCC /* Login */ = {
			isa = PBXGroup;
			children = (
				A7504E561E8CF6840031ABC9 /* LoginViewController.swift */,
				A7504E661E8D0BF90031ABC9 /* SignUpViewController.swift */,
				A7504ECE1E91D7DB0031ABC9 /* Login.storyboard */,
			);
			name = Login;
			sourceTree = "<group>";
		};
		B7B1FA091E91F8BB00CD8CCC /* Goal */ = {
			isa = PBXGroup;
			children = (
				B77980151E8D05DC00C4684D /* GoalCollectionViewController.swift */,
				5F2F94E21E8E92900073D3A2 /* GoalAddViewController.swift */,
				B779805B1E8E911000C4684D /* GoalCollectionViewCell.swift */,
				A7504EC81E916DB40031ABC9 /* CustomTabBarController.swift */,
				B77980101E8CFB5C00C4684D /* Goal_collection.storyboard */,
				5F2F94E01E8E92430073D3A2 /* Goal_add.storyboard */,
			);
			name = Goal;
			sourceTree = "<group>";
		};
		B7B1FA0A1E91F8C700CD8CCC /* Daily_Task */ = {
			isa = PBXGroup;
			children = (
				B7B1FA111E91FAA200CD8CCC /* DailyTaskViewController.swift */,
				5F2F95221E936DFF0073D3A2 /* DailyTaskAddViewController.swift */,
				B7B1FA0D1E91F9D300CD8CCC /* DailyTaskTableViewCell.swift */,
				5F2F95201E9368AF0073D3A2 /* DailyTask_add.storyboard */,
				A7504ECA1E91D7190031ABC9 /* DailyTaskTableView.storyboard */,
				B7B1F9FD1E91E9E200CD8CCC /* Task_table.storyboard */,
			);
			name = Daily_Task;
			sourceTree = "<group>";
		};
/* End PBXGroup section */

/* Begin PBXNativeTarget section */
		A7504E501E8CF6840031ABC9 /* Maily */ = {
			isa = PBXNativeTarget;
			buildConfigurationList = A7504E631E8CF6840031ABC9 /* Build configuration list for PBXNativeTarget "Maily" */;
			buildPhases = (
				A7504E4D1E8CF6840031ABC9 /* Sources */,
				A7504E4E1E8CF6840031ABC9 /* Frameworks */,
				A7504E4F1E8CF6840031ABC9 /* Resources */,
			);
			buildRules = (
			);
			dependencies = (
			);
			name = Maily;
			productName = Maily;
			productReference = A7504E511E8CF6840031ABC9 /* Maily.app */;
			productType = "com.apple.product-type.application";
		};
/* End PBXNativeTarget section */

/* Begin PBXProject section */
		A7504E491E8CF6840031ABC9 /* Project object */ = {
			isa = PBXProject;
			attributes = {
				LastSwiftUpdateCheck = 0820;
				LastUpgradeCheck = 0820;
				ORGANIZATIONNAME = Febrix;
				TargetAttributes = {
					A7504E501E8CF6840031ABC9 = {
						CreatedOnToolsVersion = 8.2.1;
						ProvisioningStyle = Automatic;
					};
				};
			};
			buildConfigurationList = A7504E4C1E8CF6840031ABC9 /* Build configuration list for PBXProject "Maily" */;
			compatibilityVersion = "Xcode 3.2";
			developmentRegion = English;
			hasScannedForEncodings = 0;
			knownRegions = (
				en,
				Base,
			);
			mainGroup = A7504E481E8CF6840031ABC9;
			productRefGroup = A7504E521E8CF6840031ABC9 /* Products */;
			projectDirPath = "";
			projectRoot = "";
			targets = (
				A7504E501E8CF6840031ABC9 /* Maily */,
			);
		};
/* End PBXProject section */

/* Begin PBXResourcesBuildPhase section */
		A7504E4F1E8CF6840031ABC9 /* Resources */ = {
			isa = PBXResourcesBuildPhase;
			buildActionMask = 2147483647;
			files = (
				A7504ECF1E91D7DB0031ABC9 /* Login.storyboard in Resources */,
				A7504E5F1E8CF6840031ABC9 /* (null) in Resources */,
				5F2F94E11E8E92430073D3A2 /* Goal_add.storyboard in Resources */,
				A7504E5C1E8CF6840031ABC9 /* Assets.xcassets in Resources */,
				B77980111E8CFB5C00C4684D /* Goal_collection.storyboard in Resources */,
				B7B1F9FE1E91E9E200CD8CCC /* Task_table.storyboard in Resources */,
				5F2F95211E9368AF0073D3A2 /* DailyTask_add.storyboard in Resources */,
				A7504ECB1E91D7190031ABC9 /* DailyTaskTableView.storyboard in Resources */,
				A7504E5A1E8CF6840031ABC9 /* LunchScreen.storyboard in Resources */,
			);
			runOnlyForDeploymentPostprocessing = 0;
		};
/* End PBXResourcesBuildPhase section */

/* Begin PBXSourcesBuildPhase section */
		A7504E4D1E8CF6840031ABC9 /* Sources */ = {
			isa = PBXSourcesBuildPhase;
			buildActionMask = 2147483647;
			files = (
				A7504E671E8D0BF90031ABC9 /* SignUpViewController.swift in Sources */,
				B7B1FA121E91FAA200CD8CCC /* DailyTaskViewController.swift in Sources */,
				B779805C1E8E911000C4684D /* GoalCollectionViewCell.swift in Sources */,
				5FD24C6F1E93BC4C0087E812 /* StopPasteAction.swift in Sources */,
				A7504EC91E916DB40031ABC9 /* CustomTabBarController.swift in Sources */,
				A72054BF1E92142600008F13 /* DB.swift in Sources */,
				A7504E691E8D20190031ABC9 /* TextFieldStyle.swift in Sources */,
				5F2F94E31E8E92900073D3A2 /* GoalAddViewController.swift in Sources */,
				A7504E571E8CF6840031ABC9 /* LoginViewController.swift in Sources */,
				B7B1FA0E1E91F9D300CD8CCC /* DailyTaskTableViewCell.swift in Sources */,
				A7504E551E8CF6840031ABC9 /* AppDelegate.swift in Sources */,
				5F2F95231E936DFF0073D3A2 /* DailyTaskAddViewController.swift in Sources */,
				5F2F951F1E920D330073D3A2 /* ColorButtonStyle.swift in Sources */,
				B77980161E8D05DC00C4684D /* GoalCollectionViewController.swift in Sources */,
			);
			runOnlyForDeploymentPostprocessing = 0;
		};
/* End PBXSourcesBuildPhase section */

/* Begin PBXVariantGroup section */
		A7504E581E8CF6840031ABC9 /* LunchScreen.storyboard */ = {
			isa = PBXVariantGroup;
			children = (
				A7504E5E1E8CF6840031ABC9 /* Base */,
			);
			name = LunchScreen.storyboard;
			sourceTree = "<group>";
		};
/* End PBXVariantGroup section */

/* Begin XCBuildConfiguration section */
		A7504E611E8CF6840031ABC9 /* Debug */ = {
			isa = XCBuildConfiguration;
			buildSettings = {
				ALWAYS_SEARCH_USER_PATHS = NO;
				CLANG_ANALYZER_NONNULL = YES;
				CLANG_CXX_LANGUAGE_STANDARD = "gnu++0x";
				CLANG_CXX_LIBRARY = "libc++";
				CLANG_ENABLE_MODULES = YES;
				CLANG_ENABLE_OBJC_ARC = YES;
				CLANG_WARN_BOOL_CONVERSION = YES;
				CLANG_WARN_CONSTANT_CONVERSION = YES;
				CLANG_WARN_DIRECT_OBJC_ISA_USAGE = YES_ERROR;
				CLANG_WARN_DOCUMENTATION_COMMENTS = YES;
				CLANG_WARN_EMPTY_BODY = YES;
				CLANG_WARN_ENUM_CONVERSION = YES;
				CLANG_WARN_INFINITE_RECURSION = YES;
				CLANG_WARN_INT_CONVERSION = YES;
				CLANG_WARN_OBJC_ROOT_CLASS = YES_ERROR;
				CLANG_WARN_SUSPICIOUS_MOVE = YES;
				CLANG_WARN_UNREACHABLE_CODE = YES;
				CLANG_WARN__DUPLICATE_METHOD_MATCH = YES;
				"CODE_SIGN_IDENTITY[sdk=iphoneos*]" = "iPhone Developer";
				COPY_PHASE_STRIP = NO;
				DEBUG_INFORMATION_FORMAT = dwarf;
				ENABLE_STRICT_OBJC_MSGSEND = YES;
				ENABLE_TESTABILITY = YES;
				GCC_C_LANGUAGE_STANDARD = gnu99;
				GCC_DYNAMIC_NO_PIC = NO;
				GCC_NO_COMMON_BLOCKS = YES;
				GCC_OPTIMIZATION_LEVEL = 0;
				GCC_PREPROCESSOR_DEFINITIONS = (
					"DEBUG=1",
					"$(inherited)",
				);
				GCC_WARN_64_TO_32_BIT_CONVERSION = YES;
				GCC_WARN_ABOUT_RETURN_TYPE = YES_ERROR;
				GCC_WARN_UNDECLARED_SELECTOR = YES;
				GCC_WARN_UNINITIALIZED_AUTOS = YES_AGGRESSIVE;
				GCC_WARN_UNUSED_FUNCTION = YES;
				GCC_WARN_UNUSED_VARIABLE = YES;
				IPHONEOS_DEPLOYMENT_TARGET = 10.2;
				MTL_ENABLE_DEBUG_INFO = YES;
				ONLY_ACTIVE_ARCH = YES;
				SDKROOT = iphoneos;
				SWIFT_ACTIVE_COMPILATION_CONDITIONS = DEBUG;
				SWIFT_OPTIMIZATION_LEVEL = "-Onone";
			};
			name = Debug;
		};
		A7504E621E8CF6840031ABC9 /* Release */ = {
			isa = XCBuildConfiguration;
			buildSettings = {
				ALWAYS_SEARCH_USER_PATHS = NO;
				CLANG_ANALYZER_NONNULL = YES;
				CLANG_CXX_LANGUAGE_STANDARD = "gnu++0x";
				CLANG_CXX_LIBRARY = "libc++";
				CLANG_ENABLE_MODULES = YES;
				CLANG_ENABLE_OBJC_ARC = YES;
				CLANG_WARN_BOOL_CONVERSION = YES;
				CLANG_WARN_CONSTANT_CONVERSION = YES;
				CLANG_WARN_DIRECT_OBJC_ISA_USAGE = YES_ERROR;
				CLANG_WARN_DOCUMENTATION_COMMENTS = YES;
				CLANG_WARN_EMPTY_BODY = YES;
				CLANG_WARN_ENUM_CONVERSION = YES;
				CLANG_WARN_INFINITE_RECURSION = YES;
				CLANG_WARN_INT_CONVERSION = YES;
				CLANG_WARN_OBJC_ROOT_CLASS = YES_ERROR;
				CLANG_WARN_SUSPICIOUS_MOVE = YES;
				CLANG_WARN_UNREACHABLE_CODE = YES;
				CLANG_WARN__DUPLICATE_METHOD_MATCH = YES;
				"CODE_SIGN_IDENTITY[sdk=iphoneos*]" = "iPhone Developer";
				COPY_PHASE_STRIP = NO;
				DEBUG_INFORMATION_FORMAT = "dwarf-with-dsym";
				ENABLE_NS_ASSERTIONS = NO;
				ENABLE_STRICT_OBJC_MSGSEND = YES;
				GCC_C_LANGUAGE_STANDARD = gnu99;
				GCC_NO_COMMON_BLOCKS = YES;
				GCC_WARN_64_TO_32_BIT_CONVERSION = YES;
				GCC_WARN_ABOUT_RETURN_TYPE = YES_ERROR;
				GCC_WARN_UNDECLARED_SELECTOR = YES;
				GCC_WARN_UNINITIALIZED_AUTOS = YES_AGGRESSIVE;
				GCC_WARN_UNUSED_FUNCTION = YES;
				GCC_WARN_UNUSED_VARIABLE = YES;
				IPHONEOS_DEPLOYMENT_TARGET = 10.2;
				MTL_ENABLE_DEBUG_INFO = NO;
				SDKROOT = iphoneos;
				SWIFT_OPTIMIZATION_LEVEL = "-Owholemodule";
				VALIDATE_PRODUCT = YES;
			};
			name = Release;
		};
		A7504E641E8CF6840031ABC9 /* Debug */ = {
			isa = XCBuildConfiguration;
			buildSettings = {
				ASSETCATALOG_COMPILER_APPICON_NAME = AppIcon;
				INFOPLIST_FILE = Maily/Info.plist;
				LD_RUNPATH_SEARCH_PATHS = "$(inherited) @executable_path/Frameworks";
				PRODUCT_BUNDLE_IDENTIFIER = febrix.9000.kuchen.Maily;
				PRODUCT_NAME = "$(TARGET_NAME)";
				SWIFT_VERSION = 3.0;
			};
			name = Debug;
		};
		A7504E651E8CF6840031ABC9 /* Release */ = {
			isa = XCBuildConfiguration;
			buildSettings = {
				ASSETCATALOG_COMPILER_APPICON_NAME = AppIcon;
				INFOPLIST_FILE = Maily/Info.plist;
				LD_RUNPATH_SEARCH_PATHS = "$(inherited) @executable_path/Frameworks";
				PRODUCT_BUNDLE_IDENTIFIER = febrix.9000.kuchen.Maily;
				PRODUCT_NAME = "$(TARGET_NAME)";
				SWIFT_VERSION = 3.0;
			};
			name = Release;
		};
/* End XCBuildConfiguration section */

/* Begin XCConfigurationList section */
		A7504E4C1E8CF6840031ABC9 /* Build configuration list for PBXProject "Maily" */ = {
			isa = XCConfigurationList;
			buildConfigurations = (
				A7504E611E8CF6840031ABC9 /* Debug */,
				A7504E621E8CF6840031ABC9 /* Release */,
			);
			defaultConfigurationIsVisible = 0;
			defaultConfigurationName = Release;
		};
		A7504E631E8CF6840031ABC9 /* Build configuration list for PBXNativeTarget "Maily" */ = {
			isa = XCConfigurationList;
			buildConfigurations = (
				A7504E641E8CF6840031ABC9 /* Debug */,
				A7504E651E8CF6840031ABC9 /* Release */,
			);
			defaultConfigurationIsVisible = 0;
			defaultConfigurationName = Release;
		};
/* End XCConfigurationList section */
	};
	rootObject = A7504E491E8CF6840031ABC9 /* Project object */;
}
