// !$*UTF8*$!
{
	archiveVersion = 1;
	classes = {
	};
	objectVersion = 46;
	objects = {

/* Begin PBXBuildFile section */
		A7504E551E8CF6840031ABC9 /* AppDelegate.swift in Sources */ = {isa = PBXBuildFile; fileRef = A7504E541E8CF6840031ABC9 /* AppDelegate.swift */; };
		A7504E571E8CF6840031ABC9 /* ViewController.swift in Sources */ = {isa = PBXBuildFile; fileRef = A7504E561E8CF6840031ABC9 /* ViewController.swift */; };
		A7504E5C1E8CF6840031ABC9 /* Assets.xcassets in Resources */ = {isa = PBXBuildFile; fileRef = A7504E5B1E8CF6840031ABC9 /* Assets.xcassets */; };
		A7504E5F1E8CF6840031ABC9 /* LaunchScreen.storyboard in Resources */ = {isa = PBXBuildFile; fileRef = A7504E5D1E8CF6840031ABC9 /* LaunchScreen.storyboard */; };
		B77980111E8CFB5C00C4684D /* Goal_collection.storyboard in Resources */ = {isa = PBXBuildFile; fileRef = B77980101E8CFB5C00C4684D /* Goal_collection.storyboard */; };
		B77980141E8D04AC00C4684D /* Main.storyboard in Resources */ = {isa = PBXBuildFile; fileRef = B77980121E8D04AC00C4684D /* Main.storyboard */; };
		B77980161E8D05DC00C4684D /* GoalCollectionViewController.swift in Sources */ = {isa = PBXBuildFile; fileRef = B77980151E8D05DC00C4684D /* GoalCollectionViewController.swift */; };
		B77980181E8D601100C4684D /* GoalCollectionViewCell.swift in Sources */ = {isa = PBXBuildFile; fileRef = B77980171E8D601100C4684D /* GoalCollectionViewCell.swift */; };
		B779805A1E8E34AF00C4684D /* watch.jpg in Resources */ = {isa = PBXBuildFile; fileRef = B77980591E8E34AF00C4684D /* watch.jpg */; };
/* End PBXBuildFile section */

/* Begin PBXFileReference section */
		A7504E511E8CF6840031ABC9 /* Maily.app */ = {isa = PBXFileReference; explicitFileType = wrapper.application; includeInIndex = 0; path = Maily.app; sourceTree = BUILT_PRODUCTS_DIR; };
		A7504E541E8CF6840031ABC9 /* AppDelegate.swift */ = {isa = PBXFileReference; lastKnownFileType = sourcecode.swift; path = AppDelegate.swift; sourceTree = "<group>"; };
		A7504E561E8CF6840031ABC9 /* ViewController.swift */ = {isa = PBXFileReference; lastKnownFileType = sourcecode.swift; path = ViewController.swift; sourceTree = "<group>"; };
		A7504E5B1E8CF6840031ABC9 /* Assets.xcassets */ = {isa = PBXFileReference; lastKnownFileType = folder.assetcatalog; path = Assets.xcassets; sourceTree = "<group>"; };
		A7504E5E1E8CF6840031ABC9 /* Base */ = {isa = PBXFileReference; lastKnownFileType = file.storyboard; name = Base; path = Base.lproj/LaunchScreen.storyboard; sourceTree = "<group>"; };
		A7504E601E8CF6840031ABC9 /* Info.plist */ = {isa = PBXFileReference; lastKnownFileType = text.plist.xml; path = Info.plist; sourceTree = "<group>"; };
		B77980101E8CFB5C00C4684D /* Goal_collection.storyboard */ = {isa = PBXFileReference; fileEncoding = 4; lastKnownFileType = file.storyboard; path = Goal_collection.storyboard; sourceTree = "<group>"; };
		B77980131E8D04AC00C4684D /* Base */ = {isa = PBXFileReference; lastKnownFileType = file.storyboard; name = Base; path = Base.lproj/Main.storyboard; sourceTree = "<group>"; };
		B77980151E8D05DC00C4684D /* GoalCollectionViewController.swift */ = {isa = PBXFileReference; fileEncoding = 4; lastKnownFileType = sourcecode.swift; path = GoalCollectionViewController.swift; sourceTree = "<group>"; };
		B77980171E8D601100C4684D /* GoalCollectionViewCell.swift */ = {isa = PBXFileReference; fileEncoding = 4; lastKnownFileType = sourcecode.swift; path = GoalCollectionViewCell.swift; sourceTree = "<group>"; };
		B77980591E8E34AF00C4684D /* watch.jpg */ = {isa = PBXFileReference; lastKnownFileType = image.jpeg; name = watch.jpg; path = ../../../Desktop/watch.jpg; sourceTree = "<group>"; };
/* End PBXFileReference section */

/* Begin PBXFrameworksBuildPhase section */
		A7504E4E1E8CF6840031ABC9 /* Frameworks */ = {
			isa = PBXFrameworksBuildPhase;
			buildActionMask = 2147483647;
			files = (
			);
			runOnlyForDeploymentPostprocessing = 0;
		};
/* End PBXFrameworksBuildPhase section */

/* Begin PBXGroup section */
		A7504E481E8CF6840031ABC9 = {
			isa = PBXGroup;
			children = (
				A7504E531E8CF6840031ABC9 /* Maily */,
				A7504E521E8CF6840031ABC9 /* Products */,
			);
			sourceTree = "<group>";
		};
		A7504E521E8CF6840031ABC9 /* Products */ = {
			isa = PBXGroup;
			children = (
				A7504E511E8CF6840031ABC9 /* Maily.app */,
			);
			name = Products;
			sourceTree = "<group>";
		};
		A7504E531E8CF6840031ABC9 /* Maily */ = {
			isa = PBXGroup;
			children = (
				A7504E541E8CF6840031ABC9 /* AppDelegate.swift */,
				A7504E561E8CF6840031ABC9 /* ViewController.swift */,
				B77980121E8D04AC00C4684D /* Main.storyboard */,
				B77980101E8CFB5C00C4684D /* Goal_collection.storyboard */,
				B77980171E8D601100C4684D /* GoalCollectionViewCell.swift */,
				B77980151E8D05DC00C4684D /* GoalCollectionViewController.swift */,
				B77980591E8E34AF00C4684D /* watch.jpg */,
				A7504E5B1E8CF6840031ABC9 /* Assets.xcassets */,
				A7504E5D1E8CF6840031ABC9 /* LaunchScreen.storyboard */,
				A7504E601E8CF6840031ABC9 /* Info.plist */,
			);
			path = Maily;
			sourceTree = "<group>";
		};
/* End PBXGroup section */

/* Begin PBXNativeTarget section */
		A7504E501E8CF6840031ABC9 /* Maily */ = {
			isa = PBXNativeTarget;
			buildConfigurationList = A7504E631E8CF6840031ABC9 /* Build configuration list for PBXNativeTarget "Maily" */;
			buildPhases = (
				A7504E4D1E8CF6840031ABC9 /* Sources */,
				A7504E4E1E8CF6840031ABC9 /* Frameworks */,
				A7504E4F1E8CF6840031ABC9 /* Resources */,
			);
			buildRules = (
			);
			dependencies = (
			);
			name = Maily;
			productName = Maily;
			productReference = A7504E511E8CF6840031ABC9 /* Maily.app */;
			productType = "com.apple.product-type.application";
		};
/* End PBXNativeTarget section */

/* Begin PBXProject section */
		A7504E491E8CF6840031ABC9 /* Project object */ = {
			isa = PBXProject;
			attributes = {
				LastSwiftUpdateCheck = 0820;
				LastUpgradeCheck = 0820;
				ORGANIZATIONNAME = Febrix;
				TargetAttributes = {
					A7504E501E8CF6840031ABC9 = {
						CreatedOnToolsVersion = 8.2.1;
						ProvisioningStyle = Automatic;
					};
				};
			};
			buildConfigurationList = A7504E4C1E8CF6840031ABC9 /* Build configuration list for PBXProject "Maily" */;
			compatibilityVersion = "Xcode 3.2";
			developmentRegion = English;
			hasScannedForEncodings = 0;
			knownRegions = (
				en,
				Base,
			);
			mainGroup = A7504E481E8CF6840031ABC9;
			productRefGroup = A7504E521E8CF6840031ABC9 /* Products */;
			projectDirPath = "";
			projectRoot = "";
			targets = (
				A7504E501E8CF6840031ABC9 /* Maily */,
			);
		};
/* End PBXProject section */

/* Begin PBXResourcesBuildPhase section */
		A7504E4F1E8CF6840031ABC9 /* Resources */ = {
			isa = PBXResourcesBuildPhase;
			buildActionMask = 2147483647;
			files = (
				A7504E5F1E8CF6840031ABC9 /* LaunchScreen.storyboard in Resources */,
				A7504E5C1E8CF6840031ABC9 /* Assets.xcassets in Resources */,
				B77980111E8CFB5C00C4684D /* Goal_collection.storyboard in Resources */,
				B77980141E8D04AC00C4684D /* Main.storyboard in Resources */,
				B779805A1E8E34AF00C4684D /* watch.jpg in Resources */,
			);
			runOnlyForDeploymentPostprocessing = 0;
		};
/* End PBXResourcesBuildPhase section */

/* Begin PBXSourcesBuildPhase section */
		A7504E4D1E8CF6840031ABC9 /* Sources */ = {
			isa = PBXSourcesBuildPhase;
			buildActionMask = 2147483647;
			files = (
				A7504E571E8CF6840031ABC9 /* ViewController.swift in Sources */,
				B77980181E8D601100C4684D /* GoalCollectionViewCell.swift in Sources */,
				A7504E551E8CF6840031ABC9 /* AppDelegate.swift in Sources */,
				B77980161E8D05DC00C4684D /* GoalCollectionViewController.swift in Sources */,
			);
			runOnlyForDeploymentPostprocessing = 0;
		};
/* End PBXSourcesBuildPhase section */

/* Begin PBXVariantGroup section */
		A7504E5D1E8CF6840031ABC9 /* LaunchScreen.storyboard */ = {
			isa = PBXVariantGroup;
			children = (
				A7504E5E1E8CF6840031ABC9 /* Base */,
			);
			name = LaunchScreen.storyboard;
			sourceTree = "<group>";
		};
		B77980121E8D04AC00C4684D /* Main.storyboard */ = {
			isa = PBXVariantGroup;
			children = (
				B77980131E8D04AC00C4684D /* Base */,
			);
			name = Main.storyboard;
			sourceTree = "<group>";
		};
/* End PBXVariantGroup section */

/* Begin XCBuildConfiguration section */
		A7504E611E8CF6840031ABC9 /* Debug */ = {
			isa = XCBuildConfiguration;
			buildSettings = {
				ALWAYS_SEARCH_USER_PATHS = NO;
				CLANG_ANALYZER_NONNULL = YES;
				CLANG_CXX_LANGUAGE_STANDARD = "gnu++0x";
				CLANG_CXX_LIBRARY = "libc++";
				CLANG_ENABLE_MODULES = YES;
				CLANG_ENABLE_OBJC_ARC = YES;
				CLANG_WARN_BOOL_CONVERSION = YES;
				CLANG_WARN_CONSTANT_CONVERSION = YES;
				CLANG_WARN_DIRECT_OBJC_ISA_USAGE = YES_ERROR;
				CLANG_WARN_DOCUMENTATION_COMMENTS = YES;
				CLANG_WARN_EMPTY_BODY = YES;
				CLANG_WARN_ENUM_CONVERSION = YES;
				CLANG_WARN_INFINITE_RECURSION = YES;
				CLANG_WARN_INT_CONVERSION = YES;
				CLANG_WARN_OBJC_ROOT_CLASS = YES_ERROR;
				CLANG_WARN_SUSPICIOUS_MOVE = YES;
				CLANG_WARN_UNREACHABLE_CODE = YES;
				CLANG_WARN__DUPLICATE_METHOD_MATCH = YES;
				"CODE_SIGN_IDENTITY[sdk=iphoneos*]" = "iPhone Developer";
				COPY_PHASE_STRIP = NO;
				DEBUG_INFORMATION_FORMAT = dwarf;
				ENABLE_STRICT_OBJC_MSGSEND = YES;
				ENABLE_TESTABILITY = YES;
				GCC_C_LANGUAGE_STANDARD = gnu99;
				GCC_DYNAMIC_NO_PIC = NO;
				GCC_NO_COMMON_BLOCKS = YES;
				GCC_OPTIMIZATION_LEVEL = 0;
				GCC_PREPROCESSOR_DEFINITIONS = (
					"DEBUG=1",
					"$(inherited)",
				);
				GCC_WARN_64_TO_32_BIT_CONVERSION = YES;
				GCC_WARN_ABOUT_RETURN_TYPE = YES_ERROR;
				GCC_WARN_UNDECLARED_SELECTOR = YES;
				GCC_WARN_UNINITIALIZED_AUTOS = YES_AGGRESSIVE;
				GCC_WARN_UNUSED_FUNCTION = YES;
				GCC_WARN_UNUSED_VARIABLE = YES;
				IPHONEOS_DEPLOYMENT_TARGET = 10.2;
				MTL_ENABLE_DEBUG_INFO = YES;
				ONLY_ACTIVE_ARCH = YES;
				SDKROOT = iphoneos;
				SWIFT_ACTIVE_COMPILATION_CONDITIONS = DEBUG;
				SWIFT_OPTIMIZATION_LEVEL = "-Onone";
			};
			name = Debug;
		};
		A7504E621E8CF6840031ABC9 /* Release */ = {
			isa = XCBuildConfiguration;
			buildSettings = {
				ALWAYS_SEARCH_USER_PATHS = NO;
				CLANG_ANALYZER_NONNULL = YES;
				CLANG_CXX_LANGUAGE_STANDARD = "gnu++0x";
				CLANG_CXX_LIBRARY = "libc++";
				CLANG_ENABLE_MODULES = YES;
				CLANG_ENABLE_OBJC_ARC = YES;
				CLANG_WARN_BOOL_CONVERSION = YES;
				CLANG_WARN_CONSTANT_CONVERSION = YES;
				CLANG_WARN_DIRECT_OBJC_ISA_USAGE = YES_ERROR;
				CLANG_WARN_DOCUMENTATION_COMMENTS = YES;
				CLANG_WARN_EMPTY_BODY = YES;
				CLANG_WARN_ENUM_CONVERSION = YES;
				CLANG_WARN_INFINITE_RECURSION = YES;
				CLANG_WARN_INT_CONVERSION = YES;
				CLANG_WARN_OBJC_ROOT_CLASS = YES_ERROR;
				CLANG_WARN_SUSPICIOUS_MOVE = YES;
				CLANG_WARN_UNREACHABLE_CODE = YES;
				CLANG_WARN__DUPLICATE_METHOD_MATCH = YES;
				"CODE_SIGN_IDENTITY[sdk=iphoneos*]" = "iPhone Developer";
				COPY_PHASE_STRIP = NO;
				DEBUG_INFORMATION_FORMAT = "dwarf-with-dsym";
				ENABLE_NS_ASSERTIONS = NO;
				ENABLE_STRICT_OBJC_MSGSEND = YES;
				GCC_C_LANGUAGE_STANDARD = gnu99;
				GCC_NO_COMMON_BLOCKS = YES;
				GCC_WARN_64_TO_32_BIT_CONVERSION = YES;
				GCC_WARN_ABOUT_RETURN_TYPE = YES_ERROR;
				GCC_WARN_UNDECLARED_SELECTOR = YES;
				GCC_WARN_UNINITIALIZED_AUTOS = YES_AGGRESSIVE;
				GCC_WARN_UNUSED_FUNCTION = YES;
				GCC_WARN_UNUSED_VARIABLE = YES;
				IPHONEOS_DEPLOYMENT_TARGET = 10.2;
				MTL_ENABLE_DEBUG_INFO = NO;
				SDKROOT = iphoneos;
				SWIFT_OPTIMIZATION_LEVEL = "-Owholemodule";
				VALIDATE_PRODUCT = YES;
			};
			name = Release;
		};
		A7504E641E8CF6840031ABC9 /* Debug */ = {
			isa = XCBuildConfiguration;
			buildSettings = {
				ASSETCATALOG_COMPILER_APPICON_NAME = AppIcon;
				INFOPLIST_FILE = Maily/Info.plist;
				LD_RUNPATH_SEARCH_PATHS = "$(inherited) @executable_path/Frameworks";
				PRODUCT_BUNDLE_IDENTIFIER = febrix.9000.kuchen.Maily;
				PRODUCT_NAME = "$(TARGET_NAME)";
				SWIFT_VERSION = 3.0;
			};
			name = Debug;
		};
		A7504E651E8CF6840031ABC9 /* Release */ = {
			isa = XCBuildConfiguration;
			buildSettings = {
				ASSETCATALOG_COMPILER_APPICON_NAME = AppIcon;
				INFOPLIST_FILE = Maily/Info.plist;
				LD_RUNPATH_SEARCH_PATHS = "$(inherited) @executable_path/Frameworks";
				PRODUCT_BUNDLE_IDENTIFIER = febrix.9000.kuchen.Maily;
				PRODUCT_NAME = "$(TARGET_NAME)";
				SWIFT_VERSION = 3.0;
			};
			name = Release;
		};
/* End XCBuildConfiguration section */

/* Begin XCConfigurationList section */
		A7504E4C1E8CF6840031ABC9 /* Build configuration list for PBXProject "Maily" */ = {
			isa = XCConfigurationList;
			buildConfigurations = (
				A7504E611E8CF6840031ABC9 /* Debug */,
				A7504E621E8CF6840031ABC9 /* Release */,
			);
			defaultConfigurationIsVisible = 0;
			defaultConfigurationName = Release;
		};
		A7504E631E8CF6840031ABC9 /* Build configuration list for PBXNativeTarget "Maily" */ = {
			isa = XCConfigurationList;
			buildConfigurations = (
				A7504E641E8CF6840031ABC9 /* Debug */,
				A7504E651E8CF6840031ABC9 /* Release */,
			);
			defaultConfigurationIsVisible = 0;
			defaultConfigurationName = Release;
		};
/* End XCConfigurationList section */
	};
	rootObject = A7504E491E8CF6840031ABC9 /* Project object */;
}
